schema: '2.0'
stages:
  train:
    cmd: python src/train.py
    deps:
    - path: src/train.py
      md5: 2a33a2b90c3e7b2b286072a8c7290e01
      size: 33
  evaluate:
    cmd: python src/evaluate.py
    deps:
    - path: src/evaluate.py
      md5: dcd36b0ec4edb78486270f81d6c77714
      size: 2925
    params:
      params.yaml:
        evaluate.model: resnet50_aug.pth
  prepare:
    cmd: python src/prepare.py
    deps:
    - path: src/prepare.py
      md5: f18c14ea2cf8067debf0126c05267d6f
      size: 1542
